// !$*UTF8*$!
{
	archiveVersion = 1;
	classes = {
	};
	objectVersion = 50;
	objects = {

/* Begin PBXBuildFile section */
		C8D7F909259D0B0E00BEA2CB /* AppDelegate.swift in Sources */ = {isa = PBXBuildFile; fileRef = C8D7F908259D0B0E00BEA2CB /* AppDelegate.swift */; };
		C8D7F90B259D0B0E00BEA2CB /* SceneDelegate.swift in Sources */ = {isa = PBXBuildFile; fileRef = C8D7F90A259D0B0E00BEA2CB /* SceneDelegate.swift */; };
		C8D7F90D259D0B0E00BEA2CB /* RecordSoundViewController.swift in Sources */ = {isa = PBXBuildFile; fileRef = C8D7F90C259D0B0E00BEA2CB /* RecordSoundViewController.swift */; };
		C8D7F910259D0B0E00BEA2CB /* Main.storyboard in Resources */ = {isa = PBXBuildFile; fileRef = C8D7F90E259D0B0E00BEA2CB /* Main.storyboard */; };
		C8D7F912259D0B1000BEA2CB /* Assets.xcassets in Resources */ = {isa = PBXBuildFile; fileRef = C8D7F911259D0B1000BEA2CB /* Assets.xcassets */; };
		C8D7F915259D0B1000BEA2CB /* LaunchScreen.storyboard in Resources */ = {isa = PBXBuildFile; fileRef = C8D7F913259D0B1000BEA2CB /* LaunchScreen.storyboard */; };
		C8D7F920259D0B1000BEA2CB /* PitchPerfectTests.swift in Sources */ = {isa = PBXBuildFile; fileRef = C8D7F91F259D0B1000BEA2CB /* PitchPerfectTests.swift */; };
		C8D7F92B259D0B1000BEA2CB /* PitchPerfectUITests.swift in Sources */ = {isa = PBXBuildFile; fileRef = C8D7F92A259D0B1000BEA2CB /* PitchPerfectUITests.swift */; };
		C8D7F939259D2D5B00BEA2CB /* PlaySoundsViewController.swift in Sources */ = {isa = PBXBuildFile; fileRef = C8D7F938259D2D5B00BEA2CB /* PlaySoundsViewController.swift */; };
		C8D7F93B259DF77900BEA2CB /* playsoundsviewcontroller-audio.swift in Sources */ = {isa = PBXBuildFile; fileRef = C8D7F93A259DF77900BEA2CB /* playsoundsviewcontroller-audio.swift */; };
/* End PBXBuildFile section */

/* Begin PBXContainerItemProxy section */
		C8D7F91C259D0B1000BEA2CB /* PBXContainerItemProxy */ = {
			isa = PBXContainerItemProxy;
			containerPortal = C8D7F8FD259D0B0E00BEA2CB /* Project object */;
			proxyType = 1;
			remoteGlobalIDString = C8D7F904259D0B0E00BEA2CB;
			remoteInfo = PitchPerfect;
		};
		C8D7F927259D0B1000BEA2CB /* PBXContainerItemProxy */ = {
			isa = PBXContainerItemProxy;
			containerPortal = C8D7F8FD259D0B0E00BEA2CB /* Project object */;
			proxyType = 1;
			remoteGlobalIDString = C8D7F904259D0B0E00BEA2CB;
			remoteInfo = PitchPerfect;
		};
/* End PBXContainerItemProxy section */

/* Begin PBXFileReference section */
		C8D7F905259D0B0E00BEA2CB /* PitchPerfect.app */ = {isa = PBXFileReference; explicitFileType = wrapper.application; includeInIndex = 0; path = PitchPerfect.app; sourceTree = BUILT_PRODUCTS_DIR; };
		C8D7F908259D0B0E00BEA2CB /* AppDelegate.swift */ = {isa = PBXFileReference; lastKnownFileType = sourcecode.swift; path = AppDelegate.swift; sourceTree = "<group>"; };
		C8D7F90A259D0B0E00BEA2CB /* SceneDelegate.swift */ = {isa = PBXFileReference; lastKnownFileType = sourcecode.swift; path = SceneDelegate.swift; sourceTree = "<group>"; };
		C8D7F90C259D0B0E00BEA2CB /* RecordSoundViewController.swift */ = {isa = PBXFileReference; lastKnownFileType = sourcecode.swift; path = RecordSoundViewController.swift; sourceTree = "<group>"; };
		C8D7F90F259D0B0E00BEA2CB /* Base */ = {isa = PBXFileReference; lastKnownFileType = file.storyboard; name = Base; path = Base.lproj/Main.storyboard; sourceTree = "<group>"; };
		C8D7F911259D0B1000BEA2CB /* Assets.xcassets */ = {isa = PBXFileReference; lastKnownFileType = folder.assetcatalog; path = Assets.xcassets; sourceTree = "<group>"; };
		C8D7F914259D0B1000BEA2CB /* Base */ = {isa = PBXFileReference; lastKnownFileType = file.storyboard; name = Base; path = Base.lproj/LaunchScreen.storyboard; sourceTree = "<group>"; };
		C8D7F916259D0B1000BEA2CB /* Info.plist */ = {isa = PBXFileReference; lastKnownFileType = text.plist.xml; path = Info.plist; sourceTree = "<group>"; };
		C8D7F91B259D0B1000BEA2CB /* PitchPerfectTests.xctest */ = {isa = PBXFileReference; explicitFileType = wrapper.cfbundle; includeInIndex = 0; path = PitchPerfectTests.xctest; sourceTree = BUILT_PRODUCTS_DIR; };
		C8D7F91F259D0B1000BEA2CB /* PitchPerfectTests.swift */ = {isa = PBXFileReference; lastKnownFileType = sourcecode.swift; path = PitchPerfectTests.swift; sourceTree = "<group>"; };
		C8D7F921259D0B1000BEA2CB /* Info.plist */ = {isa = PBXFileReference; lastKnownFileType = text.plist.xml; path = Info.plist; sourceTree = "<group>"; };
		C8D7F926259D0B1000BEA2CB /* PitchPerfectUITests.xctest */ = {isa = PBXFileReference; explicitFileType = wrapper.cfbundle; includeInIndex = 0; path = PitchPerfectUITests.xctest; sourceTree = BUILT_PRODUCTS_DIR; };
		C8D7F92A259D0B1000BEA2CB /* PitchPerfectUITests.swift */ = {isa = PBXFileReference; lastKnownFileType = sourcecode.swift; path = PitchPerfectUITests.swift; sourceTree = "<group>"; };
		C8D7F92C259D0B1000BEA2CB /* Info.plist */ = {isa = PBXFileReference; lastKnownFileType = text.plist.xml; path = Info.plist; sourceTree = "<group>"; };
		C8D7F938259D2D5B00BEA2CB /* PlaySoundsViewController.swift */ = {isa = PBXFileReference; lastKnownFileType = sourcecode.swift; path = PlaySoundsViewController.swift; sourceTree = "<group>"; };
		C8D7F93A259DF77900BEA2CB /* playsoundsviewcontroller-audio.swift */ = {isa = PBXFileReference; lastKnownFileType = sourcecode.swift; path = "playsoundsviewcontroller-audio.swift"; sourceTree = "<group>"; };
/* End PBXFileReference section */

/* Begin PBXFrameworksBuildPhase section */
		C8D7F902259D0B0E00BEA2CB /* Frameworks */ = {
			isa = PBXFrameworksBuildPhase;
			buildActionMask = 2147483647;
			files = (
			);
			runOnlyForDeploymentPostprocessing = 0;
		};
		C8D7F918259D0B1000BEA2CB /* Frameworks */ = {
			isa = PBXFrameworksBuildPhase;
			buildActionMask = 2147483647;
			files = (
			);
			runOnlyForDeploymentPostprocessing = 0;
		};
		C8D7F923259D0B1000BEA2CB /* Frameworks */ = {
			isa = PBXFrameworksBuildPhase;
			buildActionMask = 2147483647;
			files = (
			);
			runOnlyForDeploymentPostprocessing = 0;
		};
/* End PBXFrameworksBuildPhase section */

/* Begin PBXGroup section */
		C8D7F8FC259D0B0E00BEA2CB = {
			isa = PBXGroup;
			children = (
				C8D7F907259D0B0E00BEA2CB /* PitchPerfect */,
				C8D7F91E259D0B1000BEA2CB /* PitchPerfectTests */,
				C8D7F929259D0B1000BEA2CB /* PitchPerfectUITests */,
				C8D7F906259D0B0E00BEA2CB /* Products */,
			);
			sourceTree = "<group>";
		};
		C8D7F906259D0B0E00BEA2CB /* Products */ = {
			isa = PBXGroup;
			children = (
				C8D7F905259D0B0E00BEA2CB /* PitchPerfect.app */,
				C8D7F91B259D0B1000BEA2CB /* PitchPerfectTests.xctest */,
				C8D7F926259D0B1000BEA2CB /* PitchPerfectUITests.xctest */,
			);
			name = Products;
			sourceTree = "<group>";
		};
		C8D7F907259D0B0E00BEA2CB /* PitchPerfect */ = {
			isa = PBXGroup;
			children = (
				C8D7F908259D0B0E00BEA2CB /* AppDelegate.swift */,
				C8D7F90A259D0B0E00BEA2CB /* SceneDelegate.swift */,
				C8D7F90C259D0B0E00BEA2CB /* RecordSoundViewController.swift */,
				C8D7F90E259D0B0E00BEA2CB /* Main.storyboard */,
				C8D7F911259D0B1000BEA2CB /* Assets.xcassets */,
				C8D7F913259D0B1000BEA2CB /* LaunchScreen.storyboard */,
				C8D7F916259D0B1000BEA2CB /* Info.plist */,
				C8D7F938259D2D5B00BEA2CB /* PlaySoundsViewController.swift */,
				C8D7F93A259DF77900BEA2CB /* playsoundsviewcontroller-audio.swift */,
			);
			path = PitchPerfect;
			sourceTree = "<group>";
		};
		C8D7F91E259D0B1000BEA2CB /* PitchPerfectTests */ = {
			isa = PBXGroup;
			children = (
				C8D7F91F259D0B1000BEA2CB /* PitchPerfectTests.swift */,
				C8D7F921259D0B1000BEA2CB /* Info.plist */,
			);
			path = PitchPerfectTests;
			sourceTree = "<group>";
		};
		C8D7F929259D0B1000BEA2CB /* PitchPerfectUITests */ = {
			isa = PBXGroup;
			children = (
				C8D7F92A259D0B1000BEA2CB /* PitchPerfectUITests.swift */,
				C8D7F92C259D0B1000BEA2CB /* Info.plist */,
			);
			path = PitchPerfectUITests;
			sourceTree = "<group>";
		};
/* End PBXGroup section */

/* Begin PBXNativeTarget section */
		C8D7F904259D0B0E00BEA2CB /* PitchPerfect */ = {
			isa = PBXNativeTarget;
			buildConfigurationList = C8D7F92F259D0B1000BEA2CB /* Build configuration list for PBXNativeTarget "PitchPerfect" */;
			buildPhases = (
				C8D7F901259D0B0E00BEA2CB /* Sources */,
				C8D7F902259D0B0E00BEA2CB /* Frameworks */,
				C8D7F903259D0B0E00BEA2CB /* Resources */,
			);
			buildRules = (
			);
			dependencies = (
			);
			name = PitchPerfect;
			productName = PitchPerfect;
			productReference = C8D7F905259D0B0E00BEA2CB /* PitchPerfect.app */;
			productType = "com.apple.product-type.application";
		};
		C8D7F91A259D0B1000BEA2CB /* PitchPerfectTests */ = {
			isa = PBXNativeTarget;
			buildConfigurationList = C8D7F932259D0B1000BEA2CB /* Build configuration list for PBXNativeTarget "PitchPerfectTests" */;
			buildPhases = (
				C8D7F917259D0B1000BEA2CB /* Sources */,
				C8D7F918259D0B1000BEA2CB /* Frameworks */,
				C8D7F919259D0B1000BEA2CB /* Resources */,
			);
			buildRules = (
			);
			dependencies = (
				C8D7F91D259D0B1000BEA2CB /* PBXTargetDependency */,
			);
			name = PitchPerfectTests;
			productName = PitchPerfectTests;
			productReference = C8D7F91B259D0B1000BEA2CB /* PitchPerfectTests.xctest */;
			productType = "com.apple.product-type.bundle.unit-test";
		};
		C8D7F925259D0B1000BEA2CB /* PitchPerfectUITests */ = {
			isa = PBXNativeTarget;
			buildConfigurationList = C8D7F935259D0B1000BEA2CB /* Build configuration list for PBXNativeTarget "PitchPerfectUITests" */;
			buildPhases = (
				C8D7F922259D0B1000BEA2CB /* Sources */,
				C8D7F923259D0B1000BEA2CB /* Frameworks */,
				C8D7F924259D0B1000BEA2CB /* Resources */,
			);
			buildRules = (
			);
			dependencies = (
				C8D7F928259D0B1000BEA2CB /* PBXTargetDependency */,
			);
			name = PitchPerfectUITests;
			productName = PitchPerfectUITests;
			productReference = C8D7F926259D0B1000BEA2CB /* PitchPerfectUITests.xctest */;
			productType = "com.apple.product-type.bundle.ui-testing";
		};
/* End PBXNativeTarget section */

/* Begin PBXProject section */
		C8D7F8FD259D0B0E00BEA2CB /* Project object */ = {
			isa = PBXProject;
			attributes = {
				LastSwiftUpdateCheck = 1160;
				LastUpgradeCheck = 1160;
				ORGANIZATIONNAME = "Gondai Mgano";
				TargetAttributes = {
					C8D7F904259D0B0E00BEA2CB = {
						CreatedOnToolsVersion = 11.6;
					};
					C8D7F91A259D0B1000BEA2CB = {
						CreatedOnToolsVersion = 11.6;
						TestTargetID = C8D7F904259D0B0E00BEA2CB;
					};
					C8D7F925259D0B1000BEA2CB = {
						CreatedOnToolsVersion = 11.6;
						TestTargetID = C8D7F904259D0B0E00BEA2CB;
					};
				};
			};
			buildConfigurationList = C8D7F900259D0B0E00BEA2CB /* Build configuration list for PBXProject "PitchPerfect" */;
			compatibilityVersion = "Xcode 9.3";
			developmentRegion = en;
			hasScannedForEncodings = 0;
			knownRegions = (
				en,
				Base,
			);
			mainGroup = C8D7F8FC259D0B0E00BEA2CB;
			productRefGroup = C8D7F906259D0B0E00BEA2CB /* Products */;
			projectDirPath = "";
			projectRoot = "";
			targets = (
				C8D7F904259D0B0E00BEA2CB /* PitchPerfect */,
				C8D7F91A259D0B1000BEA2CB /* PitchPerfectTests */,
				C8D7F925259D0B1000BEA2CB /* PitchPerfectUITests */,
			);
		};
/* End PBXProject section */

/* Begin PBXResourcesBuildPhase section */
		C8D7F903259D0B0E00BEA2CB /* Resources */ = {
			isa = PBXResourcesBuildPhase;
			buildActionMask = 2147483647;
			files = (
				C8D7F915259D0B1000BEA2CB /* LaunchScreen.storyboard in Resources */,
				C8D7F912259D0B1000BEA2CB /* Assets.xcassets in Resources */,
				C8D7F910259D0B0E00BEA2CB /* Main.storyboard in Resources */,
			);
			runOnlyForDeploymentPostprocessing = 0;
		};
		C8D7F919259D0B1000BEA2CB /* Resources */ = {
			isa = PBXResourcesBuildPhase;
			buildActionMask = 2147483647;
			files = (
			);
			runOnlyForDeploymentPostprocessing = 0;
		};
		C8D7F924259D0B1000BEA2CB /* Resources */ = {
			isa = PBXResourcesBuildPhase;
			buildActionMask = 2147483647;
			files = (
			);
			runOnlyForDeploymentPostprocessing = 0;
		};
/* End PBXResourcesBuildPhase section */

/* Begin PBXSourcesBuildPhase section */
		C8D7F901259D0B0E00BEA2CB /* Sources */ = {
			isa = PBXSourcesBuildPhase;
			buildActionMask = 2147483647;
			files = (
				C8D7F90D259D0B0E00BEA2CB /* RecordSoundViewController.swift in Sources */,
				C8D7F93B259DF77900BEA2CB /* playsoundsviewcontroller-audio.swift in Sources */,
				C8D7F909259D0B0E00BEA2CB /* AppDelegate.swift in Sources */,
				C8D7F939259D2D5B00BEA2CB /* PlaySoundsViewController.swift in Sources */,
				C8D7F90B259D0B0E00BEA2CB /* SceneDelegate.swift in Sources */,
			);
			runOnlyForDeploymentPostprocessing = 0;
		};
		C8D7F917259D0B1000BEA2CB /* Sources */ = {
			isa = PBXSourcesBuildPhase;
			buildActionMask = 2147483647;
			files = (
				C8D7F920259D0B1000BEA2CB /* PitchPerfectTests.swift in Sources */,
			);
			runOnlyForDeploymentPostprocessing = 0;
		};
		C8D7F922259D0B1000BEA2CB /* Sources */ = {
			isa = PBXSourcesBuildPhase;
			buildActionMask = 2147483647;
			files = (
				C8D7F92B259D0B1000BEA2CB /* PitchPerfectUITests.swift in Sources */,
			);
			runOnlyForDeploymentPostprocessing = 0;
		};
/* End PBXSourcesBuildPhase section */

/* Begin PBXTargetDependency section */
		C8D7F91D259D0B1000BEA2CB /* PBXTargetDependency */ = {
			isa = PBXTargetDependency;
			target = C8D7F904259D0B0E00BEA2CB /* PitchPerfect */;
			targetProxy = C8D7F91C259D0B1000BEA2CB /* PBXContainerItemProxy */;
		};
		C8D7F928259D0B1000BEA2CB /* PBXTargetDependency */ = {
			isa = PBXTargetDependency;
			target = C8D7F904259D0B0E00BEA2CB /* PitchPerfect */;
			targetProxy = C8D7F927259D0B1000BEA2CB /* PBXContainerItemProxy */;
		};
/* End PBXTargetDependency section */

/* Begin PBXVariantGroup section */
		C8D7F90E259D0B0E00BEA2CB /* Main.storyboard */ = {
			isa = PBXVariantGroup;
			children = (
				C8D7F90F259D0B0E00BEA2CB /* Base */,
			);
			name = Main.storyboard;
			sourceTree = "<group>";
		};
		C8D7F913259D0B1000BEA2CB /* LaunchScreen.storyboard */ = {
			isa = PBXVariantGroup;
			children = (
				C8D7F914259D0B1000BEA2CB /* Base */,
			);
			name = LaunchScreen.storyboard;
			sourceTree = "<group>";
		};
/* End PBXVariantGroup section */

/* Begin XCBuildConfiguration section */
		C8D7F92D259D0B1000BEA2CB /* Debug */ = {
			isa = XCBuildConfiguration;
			buildSettings = {
				ALWAYS_SEARCH_USER_PATHS = NO;
				CLANG_ANALYZER_NONNULL = YES;
				CLANG_ANALYZER_NUMBER_OBJECT_CONVERSION = YES_AGGRESSIVE;
				CLANG_CXX_LANGUAGE_STANDARD = "gnu++14";
				CLANG_CXX_LIBRARY = "libc++";
				CLANG_ENABLE_MODULES = YES;
				CLANG_ENABLE_OBJC_ARC = YES;
				CLANG_ENABLE_OBJC_WEAK = YES;
				CLANG_WARN_BLOCK_CAPTURE_AUTORELEASING = YES;
				CLANG_WARN_BOOL_CONVERSION = YES;
				CLANG_WARN_COMMA = YES;
				CLANG_WARN_CONSTANT_CONVERSION = YES;
				CLANG_WARN_DEPRECATED_OBJC_IMPLEMENTATIONS = YES;
				CLANG_WARN_DIRECT_OBJC_ISA_USAGE = YES_ERROR;
				CLANG_WARN_DOCUMENTATION_COMMENTS = YES;
				CLANG_WARN_EMPTY_BODY = YES;
				CLANG_WARN_ENUM_CONVERSION = YES;
				CLANG_WARN_INFINITE_RECURSION = YES;
				CLANG_WARN_INT_CONVERSION = YES;
				CLANG_WARN_NON_LITERAL_NULL_CONVERSION = YES;
				CLANG_WARN_OBJC_IMPLICIT_RETAIN_SELF = YES;
				CLANG_WARN_OBJC_LITERAL_CONVERSION = YES;
				CLANG_WARN_OBJC_ROOT_CLASS = YES_ERROR;
				CLANG_WARN_RANGE_LOOP_ANALYSIS = YES;
				CLANG_WARN_STRICT_PROTOTYPES = YES;
				CLANG_WARN_SUSPICIOUS_MOVE = YES;
				CLANG_WARN_UNGUARDED_AVAILABILITY = YES_AGGRESSIVE;
				CLANG_WARN_UNREACHABLE_CODE = YES;
				CLANG_WARN__DUPLICATE_METHOD_MATCH = YES;
				COPY_PHASE_STRIP = NO;
				DEBUG_INFORMATION_FORMAT = dwarf;
				ENABLE_STRICT_OBJC_MSGSEND = YES;
				ENABLE_TESTABILITY = YES;
				GCC_C_LANGUAGE_STANDARD = gnu11;
				GCC_DYNAMIC_NO_PIC = NO;
				GCC_NO_COMMON_BLOCKS = YES;
				GCC_OPTIMIZATION_LEVEL = 0;
				GCC_PREPROCESSOR_DEFINITIONS = (
					"DEBUG=1",
					"$(inherited)",
				);
				GCC_WARN_64_TO_32_BIT_CONVERSION = YES;
				GCC_WARN_ABOUT_RETURN_TYPE = YES_ERROR;
				GCC_WARN_UNDECLARED_SELECTOR = YES;
				GCC_WARN_UNINITIALIZED_AUTOS = YES_AGGRESSIVE;
				GCC_WARN_UNUSED_FUNCTION = YES;
				GCC_WARN_UNUSED_VARIABLE = YES;
				IPHONEOS_DEPLOYMENT_TARGET = 13.6;
				MTL_ENABLE_DEBUG_INFO = INCLUDE_SOURCE;
				MTL_FAST_MATH = YES;
				ONLY_ACTIVE_ARCH = YES;
				SDKROOT = iphoneos;
				SWIFT_ACTIVE_COMPILATION_CONDITIONS = DEBUG;
				SWIFT_OPTIMIZATION_LEVEL = "-Onone";
			};
			name = Debug;
		};
		C8D7F92E259D0B1000BEA2CB /* Release */ = {
			isa = XCBuildConfiguration;
			buildSettings = {
				ALWAYS_SEARCH_USER_PATHS = NO;
				CLANG_ANALYZER_NONNULL = YES;
				CLANG_ANALYZER_NUMBER_OBJECT_CONVERSION = YES_AGGRESSIVE;
				CLANG_CXX_LANGUAGE_STANDARD = "gnu++14";
				CLANG_CXX_LIBRARY = "libc++";
				CLANG_ENABLE_MODULES = YES;
				CLANG_ENABLE_OBJC_ARC = YES;
				CLANG_ENABLE_OBJC_WEAK = YES;
				CLANG_WARN_BLOCK_CAPTURE_AUTORELEASING = YES;
				CLANG_WARN_BOOL_CONVERSION = YES;
				CLANG_WARN_COMMA = YES;
				CLANG_WARN_CONSTANT_CONVERSION = YES;
				CLANG_WARN_DEPRECATED_OBJC_IMPLEMENTATIONS = YES;
				CLANG_WARN_DIRECT_OBJC_ISA_USAGE = YES_ERROR;
				CLANG_WARN_DOCUMENTATION_COMMENTS = YES;
				CLANG_WARN_EMPTY_BODY = YES;
				CLANG_WARN_ENUM_CONVERSION = YES;
				CLANG_WARN_INFINITE_RECURSION = YES;
				CLANG_WARN_INT_CONVERSION = YES;
				CLANG_WARN_NON_LITERAL_NULL_CONVERSION = YES;
				CLANG_WARN_OBJC_IMPLICIT_RETAIN_SELF = YES;
				CLANG_WARN_OBJC_LITERAL_CONVERSION = YES;
				CLANG_WARN_OBJC_ROOT_CLASS = YES_ERROR;
				CLANG_WARN_RANGE_LOOP_ANALYSIS = YES;
				CLANG_WARN_STRICT_PROTOTYPES = YES;
				CLANG_WARN_SUSPICIOUS_MOVE = YES;
				CLANG_WARN_UNGUARDED_AVAILABILITY = YES_AGGRESSIVE;
				CLANG_WARN_UNREACHABLE_CODE = YES;
				CLANG_WARN__DUPLICATE_METHOD_MATCH = YES;
				COPY_PHASE_STRIP = NO;
				DEBUG_INFORMATION_FORMAT = "dwarf-with-dsym";
				ENABLE_NS_ASSERTIONS = NO;
				ENABLE_STRICT_OBJC_MSGSEND = YES;
				GCC_C_LANGUAGE_STANDARD = gnu11;
				GCC_NO_COMMON_BLOCKS = YES;
				GCC_WARN_64_TO_32_BIT_CONVERSION = YES;
				GCC_WARN_ABOUT_RETURN_TYPE = YES_ERROR;
				GCC_WARN_UNDECLARED_SELECTOR = YES;
				GCC_WARN_UNINITIALIZED_AUTOS = YES_AGGRESSIVE;
				GCC_WARN_UNUSED_FUNCTION = YES;
				GCC_WARN_UNUSED_VARIABLE = YES;
				IPHONEOS_DEPLOYMENT_TARGET = 13.6;
				MTL_ENABLE_DEBUG_INFO = NO;
				MTL_FAST_MATH = YES;
				SDKROOT = iphoneos;
				SWIFT_COMPILATION_MODE = wholemodule;
				SWIFT_OPTIMIZATION_LEVEL = "-O";
				VALIDATE_PRODUCT = YES;
			};
			name = Release;
		};
		C8D7F930259D0B1000BEA2CB /* Debug */ = {
			isa = XCBuildConfiguration;
			buildSettings = {
				ASSETCATALOG_COMPILER_APPICON_NAME = AppIcon;
				CODE_SIGN_STYLE = Automatic;
				DEVELOPMENT_TEAM = SN4WTTE9BY;
				INFOPLIST_FILE = PitchPerfect/Info.plist;
				LD_RUNPATH_SEARCH_PATHS = (
					"$(inherited)",
					"@executable_path/Frameworks",
				);
				PRODUCT_BUNDLE_IDENTIFIER = zw.gondai.PitchPerfect;
				PRODUCT_NAME = "$(TARGET_NAME)";
				SWIFT_VERSION = 5.0;
				TARGETED_DEVICE_FAMILY = "1,2";
			};
			name = Debug;
		};
		C8D7F931259D0B1000BEA2CB /* Release */ = {
			isa = XCBuildConfiguration;
			buildSettings = {
				ASSETCATALOG_COMPILER_APPICON_NAME = AppIcon;
				CODE_SIGN_STYLE = Automatic;
				DEVELOPMENT_TEAM = SN4WTTE9BY;
				INFOPLIST_FILE = PitchPerfect/Info.plist;
				LD_RUNPATH_SEARCH_PATHS = (
					"$(inherited)",
					"@executable_path/Frameworks",
				);
				PRODUCT_BUNDLE_IDENTIFIER = zw.gondai.PitchPerfect;
				PRODUCT_NAME = "$(TARGET_NAME)";
				SWIFT_VERSION = 5.0;
				TARGETED_DEVICE_FAMILY = "1,2";
			};
			name = Release;
		};
		C8D7F933259D0B1000BEA2CB /* Debug */ = {
			isa = XCBuildConfiguration;
			buildSettings = {
				ALWAYS_EMBED_SWIFT_STANDARD_LIBRARIES = YES;
				BUNDLE_LOADER = "$(TEST_HOST)";
				CODE_SIGN_STYLE = Automatic;
				DEVELOPMENT_TEAM = SN4WTTE9BY;
				INFOPLIST_FILE = PitchPerfectTests/Info.plist;
				IPHONEOS_DEPLOYMENT_TARGET = 13.6;
				LD_RUNPATH_SEARCH_PATHS = (
					"$(inherited)",
					"@executable_path/Frameworks",
					"@loader_path/Frameworks",
				);
				PRODUCT_BUNDLE_IDENTIFIER = zw.gondai.PitchPerfectTests;
				PRODUCT_NAME = "$(TARGET_NAME)";
				SWIFT_VERSION = 5.0;
				TARGETED_DEVICE_FAMILY = "1,2";
				TEST_HOST = "$(BUILT_PRODUCTS_DIR)/PitchPerfect.app/PitchPerfect";
			};
			name = Debug;
		};
		C8D7F934259D0B1000BEA2CB /* Release */ = {
			isa = XCBuildConfiguration;
			buildSettings = {
				ALWAYS_EMBED_SWIFT_STANDARD_LIBRARIES = YES;
				BUNDLE_LOADER = "$(TEST_HOST)";
				CODE_SIGN_STYLE = Automatic;
				DEVELOPMENT_TEAM = SN4WTTE9BY;
				INFOPLIST_FILE = PitchPerfectTests/Info.plist;
				IPHONEOS_DEPLOYMENT_TARGET = 13.6;
				LD_RUNPATH_SEARCH_PATHS = (
					"$(inherited)",
					"@executable_path/Frameworks",
					"@loader_path/Frameworks",
				);
				PRODUCT_BUNDLE_IDENTIFIER = zw.gondai.PitchPerfectTests;
				PRODUCT_NAME = "$(TARGET_NAME)";
				SWIFT_VERSION = 5.0;
				TARGETED_DEVICE_FAMILY = "1,2";
				TEST_HOST = "$(BUILT_PRODUCTS_DIR)/PitchPerfect.app/PitchPerfect";
			};
			name = Release;
		};
		C8D7F936259D0B1000BEA2CB /* Debug */ = {
			isa = XCBuildConfiguration;
			buildSettings = {
				ALWAYS_EMBED_SWIFT_STANDARD_LIBRARIES = YES;
				CODE_SIGN_STYLE = Automatic;
				DEVELOPMENT_TEAM = SN4WTTE9BY;
				INFOPLIST_FILE = PitchPerfectUITests/Info.plist;
				LD_RUNPATH_SEARCH_PATHS = (
					"$(inherited)",
					"@executable_path/Frameworks",
					"@loader_path/Frameworks",
				);
				PRODUCT_BUNDLE_IDENTIFIER = zw.gondai.PitchPerfectUITests;
				PRODUCT_NAME = "$(TARGET_NAME)";
				SWIFT_VERSION = 5.0;
				TARGETED_DEVICE_FAMILY = "1,2";
				TEST_TARGET_NAME = PitchPerfect;
			};
			name = Debug;
		};
		C8D7F937259D0B1000BEA2CB /* Release */ = {
			isa = XCBuildConfiguration;
			buildSettings = {
				ALWAYS_EMBED_SWIFT_STANDARD_LIBRARIES = YES;
				CODE_SIGN_STYLE = Automatic;
				DEVELOPMENT_TEAM = SN4WTTE9BY;
				INFOPLIST_FILE = PitchPerfectUITests/Info.plist;
				LD_RUNPATH_SEARCH_PATHS = (
					"$(inherited)",
					"@executable_path/Frameworks",
					"@loader_path/Frameworks",
				);
				PRODUCT_BUNDLE_IDENTIFIER = zw.gondai.PitchPerfectUITests;
				PRODUCT_NAME = "$(TARGET_NAME)";
				SWIFT_VERSION = 5.0;
				TARGETED_DEVICE_FAMILY = "1,2";
				TEST_TARGET_NAME = PitchPerfect;
			};
			name = Release;
		};
/* End XCBuildConfiguration section */

/* Begin XCConfigurationList section */
		C8D7F900259D0B0E00BEA2CB /* Build configuration list for PBXProject "PitchPerfect" */ = {
			isa = XCConfigurationList;
			buildConfigurations = (
				C8D7F92D259D0B1000BEA2CB /* Debug */,
				C8D7F92E259D0B1000BEA2CB /* Release */,
			);
			defaultConfigurationIsVisible = 0;
			defaultConfigurationName = Release;
		};
		C8D7F92F259D0B1000BEA2CB /* Build configuration list for PBXNativeTarget "PitchPerfect" */ = {
			isa = XCConfigurationList;
			buildConfigurations = (
				C8D7F930259D0B1000BEA2CB /* Debug */,
				C8D7F931259D0B1000BEA2CB /* Release */,
			);
			defaultConfigurationIsVisible = 0;
			defaultConfigurationName = Release;
		};
		C8D7F932259D0B1000BEA2CB /* Build configuration list for PBXNativeTarget "PitchPerfectTests" */ = {
			isa = XCConfigurationList;
			buildConfigurations = (
				C8D7F933259D0B1000BEA2CB /* Debug */,
				C8D7F934259D0B1000BEA2CB /* Release */,
			);
			defaultConfigurationIsVisible = 0;
			defaultConfigurationName = Release;
		};
		C8D7F935259D0B1000BEA2CB /* Build configuration list for PBXNativeTarget "PitchPerfectUITests" */ = {
			isa = XCConfigurationList;
			buildConfigurations = (
				C8D7F936259D0B1000BEA2CB /* Debug */,
				C8D7F937259D0B1000BEA2CB /* Release */,
			);
			defaultConfigurationIsVisible = 0;
			defaultConfigurationName = Release;
		};
/* End XCConfigurationList section */
	};
	rootObject = C8D7F8FD259D0B0E00BEA2CB /* Project object */;
}
